schema: '2.0'
stages:
  generate:
    cmd: python scripts/generate_dataset.py
    deps:
    - path: engine/ml/dataset_generator.py
      hash: md5
      md5: f02bee662329059fafc8226c351f2681
      size: 14637
    - path: engine/ml/deterministic_mapper.py
      hash: md5
      md5: 9ffac50e6aba7ece7c1933bd9658a93c
      size: 17210
    - path: engine/ml/gaussian_noise.py
      hash: md5
      md5: b51d6bf3ecdde7e9eb621aabb3e1407b
      size: 14761
    - path: engine/ml/regional_profiles.py
      hash: md5
      md5: bc487fdb4755af27fde7221d1dbd45c2
      size: 23095
    - path: engine/ml/resonance_rules.py
      hash: md5
      md5: f1560e187961f2f62a6439947cf45ec5
      size: 16817
    - path: scripts/generate_dataset.py
      hash: md5
      md5: fcb4fe5adfb44ca8d95f8d739a902587
      size: 6509
    params:
      params.yaml:
        generate:
          n_perturbations: 10
          master_seed: 42
          specs_per_region: 150
          output_path: data/synthetic/dataset.parquet
          bpm_min: 60.0
          bpm_max: 200.0
          pitch_midi_min: 36
          pitch_midi_max: 96
          perturbation:
            swing_sigma: 0.05
            reverb_sigma: 50.0
            saturation_sigma: 0.0
            harmonic_sigma: 0.0
            noise_sigma: 5.0
            mapper_sigma: 3.0
    outs:
    - path: data/synthetic/dataset.parquet
      hash: md5
      md5: 7194072c4adb3d2dd0464d89f4b076fb
      size: 1054772
  validate:
    cmd: python scripts/validate_schema.py
    deps:
    - path: data/synthetic/dataset.parquet
      hash: md5
      md5: 7194072c4adb3d2dd0464d89f4b076fb
      size: 1054772
    - path: engine/ml/dataset_schema.py
      hash: md5
      md5: 0218b1f51d0000978534f167edd54b23
      size: 14027
    - path: scripts/validate_schema.py
      hash: md5
      md5: 1c2a25d8f8615a8f728196463a13acb7
      size: 4114
    outs:
    - path: data/synthetic/validation_report.json
      hash: md5
      md5: 30b35232650fdccbf7f8d6741e66715b
      size: 894
  train:
    cmd: bash scripts/train_with_hash.sh
    deps:
    - path: data/synthetic/dataset.parquet
      hash: md5
      md5: 7194072c4adb3d2dd0464d89f4b076fb
      size: 1054772
    - path: engine/ml/model_training.py
      hash: md5
      md5: 65085f38b3150b63da7b487aa5bf8cab
      size: 25491
    - path: scripts/train_model.py
      hash: md5
      md5: 0e99012b8c5cab5c690314fdff34a219
      size: 8649
    params:
      params.yaml:
        train:
          test_size: 0.2
          val_size: 0.2
          random_state: 42
          experiment_name: tuning-estimator
          registry_name: TuningEstimator
          optuna:
            n_trials: 50
            timeout_seconds: 1800
            sampler_seed: 42
          xgboost:
            n_estimators_min: 100
            n_estimators_max: 1000
            max_depth_min: 3
            max_depth_max: 10
            learning_rate_min: 0.01
            learning_rate_max: 0.3
            subsample_min: 0.6
            subsample_max: 1.0
            colsample_bytree_min: 0.6
            colsample_bytree_max: 1.0
            min_child_weight_min: 1
            min_child_weight_max: 10
            reg_alpha_min: 0.0
            reg_alpha_max: 1.0
            reg_lambda_min: 0.0
            reg_lambda_max: 1.0
    outs:
    - path: models/feature_importance.json
      hash: md5
      md5: f05af07c87f19c9798ae4d0781d49c05
      size: 195
    - path: models/metrics.json
      hash: md5
      md5: b4ddde1e43e2899795b0574a3426df73
      size: 1489
    - path: models/tuning_estimator
      hash: md5
      md5: 3b1a05f071630a78e803441dd7959f72.dir
      size: 9406551
      nfiles: 5
